
Microsoft Visual Studio Solution File, Format Version 12.00
# Visual Studio Version 17
VisualStudioVersion = 17.4.33110.190
MinimumVisualStudioVersion = 10.0.40219.1
Project("{9A19103F-16F7-4668-BE54-9A1E7A4F7556}") = "Arreglos_Listas", "Arreglos_Listas\Arreglos_Listas.csproj", "{C97EA743-BA05-46F8-9A95-ABD530A209D5}"
EndProject
Project("{2150E333-8FDC-42A3-9474-1A3956D46DE8}") = "Elementos de la solución", "Elementos de la solución", "{73BA5937-0742-41A2-9DF2-0C07B0564520}"
	ProjectSection(SolutionItems) = preProject
		.gitignore = .gitignore
	EndProjectSection
EndProject
Global
	GlobalSection(SolutionConfigurationPlatforms) = preSolution
		Debug|Any CPU = Debug|Any CPU
		Release|Any CPU = Release|Any CPU
	EndGlobalSection
	GlobalSection(ProjectConfigurationPlatforms) = postSolution
		{C97EA743-BA05-46F8-9A95-ABD530A209D5}.Debug|Any CPU.ActiveCfg = Debug|Any CPU
		{C97EA743-BA05-46F8-9A95-ABD530A209D5}.Debug|Any CPU.Build.0 = Debug|Any CPU
		{C97EA743-BA05-46F8-9A95-ABD530A209D5}.Release|Any CPU.ActiveCfg = Release|Any CPU
		{C97EA743-BA05-46F8-9A95-ABD530A209D5}.Release|Any CPU.Build.0 = Release|Any CPU
	EndGlobalSection
	GlobalSection(SolutionProperties) = preSolution
		HideSolutionNode = FALSE
	EndGlobalSection
	GlobalSection(ExtensibilityGlobals) = postSolution
		SolutionGuid = {53C1E743-BC4A-4758-89BE-3C8A054D5747}
	EndGlobalSection
EndGlobal
